
Microsoft Visual Studio Solution File, Format Version 12.00
# Visual Studio Version 17
VisualStudioVersion = 17.0.31903.59
MinimumVisualStudioVersion = 10.0.40219.1
Project("{FAE04EC0-301F-11D3-BF4B-00C04F79EFBC}") = "SmartForm.Domain", "SmartForm.Domain\SmartForm.Domain.csproj", "{09A9581D-4BD4-47B5-8FB2-06A0E7C1A845}"
EndProject
Project("{FAE04EC0-301F-11D3-BF4B-00C04F79EFBC}") = "SmartForm.Application", "SmartForm.Application\SmartForm.Application.csproj", "{039D51B5-F798-43CA-B2F5-560A6F6592E5}"
EndProject
Project("{FAE04EC0-301F-11D3-BF4B-00C04F79EFBC}") = "SmartForm.Infrastructure", "SmartForm.Infrastructure\SmartForm.Infrastructure.csproj", "{DAC64781-A24A-436A-B63F-09EAE5CAFF15}"
EndProject
Project("{FAE04EC0-301F-11D3-BF4B-00C04F79EFBC}") = "SmartForm.API", "SmartForm.API\SmartForm.API.csproj", "{D968EB92-B462-49F8-A915-5F4E68A517F1}"
EndProject
Global
	GlobalSection(SolutionConfigurationPlatforms) = preSolution
		Debug|Any CPU = Debug|Any CPU
		Debug|x64 = Debug|x64
		Debug|x86 = Debug|x86
		Release|Any CPU = Release|Any CPU
		Release|x64 = Release|x64
		Release|x86 = Release|x86
	EndGlobalSection
	GlobalSection(ProjectConfigurationPlatforms) = postSolution
		{09A9581D-4BD4-47B5-8FB2-06A0E7C1A845}.Debug|Any CPU.ActiveCfg = Debug|Any CPU
		{09A9581D-4BD4-47B5-8FB2-06A0E7C1A845}.Debug|Any CPU.Build.0 = Debug|Any CPU
		{09A9581D-4BD4-47B5-8FB2-06A0E7C1A845}.Debug|x64.ActiveCfg = Debug|Any CPU
		{09A9581D-4BD4-47B5-8FB2-06A0E7C1A845}.Debug|x64.Build.0 = Debug|Any CPU
		{09A9581D-4BD4-47B5-8FB2-06A0E7C1A845}.Debug|x86.ActiveCfg = Debug|Any CPU
		{09A9581D-4BD4-47B5-8FB2-06A0E7C1A845}.Debug|x86.Build.0 = Debug|Any CPU
		{09A9581D-4BD4-47B5-8FB2-06A0E7C1A845}.Release|Any CPU.ActiveCfg = Release|Any CPU
		{09A9581D-4BD4-47B5-8FB2-06A0E7C1A845}.Release|Any CPU.Build.0 = Release|Any CPU
		{09A9581D-4BD4-47B5-8FB2-06A0E7C1A845}.Release|x64.ActiveCfg = Release|Any CPU
		{09A9581D-4BD4-47B5-8FB2-06A0E7C1A845}.Release|x64.Build.0 = Release|Any CPU
		{09A9581D-4BD4-47B5-8FB2-06A0E7C1A845}.Release|x86.ActiveCfg = Release|Any CPU
		{09A9581D-4BD4-47B5-8FB2-06A0E7C1A845}.Release|x86.Build.0 = Release|Any CPU
		{039D51B5-F798-43CA-B2F5-560A6F6592E5}.Debug|Any CPU.ActiveCfg = Debug|Any CPU
		{039D51B5-F798-43CA-B2F5-560A6F6592E5}.Debug|Any CPU.Build.0 = Debug|Any CPU
		{039D51B5-F798-43CA-B2F5-560A6F6592E5}.Debug|x64.ActiveCfg = Debug|Any CPU
		{039D51B5-F798-43CA-B2F5-560A6F6592E5}.Debug|x64.Build.0 = Debug|Any CPU
		{039D51B5-F798-43CA-B2F5-560A6F6592E5}.Debug|x86.ActiveCfg = Debug|Any CPU
		{039D51B5-F798-43CA-B2F5-560A6F6592E5}.Debug|x86.Build.0 = Debug|Any CPU
		{039D51B5-F798-43CA-B2F5-560A6F6592E5}.Release|Any CPU.ActiveCfg = Release|Any CPU
		{039D51B5-F798-43CA-B2F5-560A6F6592E5}.Release|Any CPU.Build.0 = Release|Any CPU
		{039D51B5-F798-43CA-B2F5-560A6F6592E5}.Release|x64.ActiveCfg = Release|Any CPU
		{039D51B5-F798-43CA-B2F5-560A6F6592E5}.Release|x64.Build.0 = Release|Any CPU
		{039D51B5-F798-43CA-B2F5-560A6F6592E5}.Release|x86.ActiveCfg = Release|Any CPU
		{039D51B5-F798-43CA-B2F5-560A6F6592E5}.Release|x86.Build.0 = Release|Any CPU
		{DAC64781-A24A-436A-B63F-09EAE5CAFF15}.Debug|Any CPU.ActiveCfg = Debug|Any CPU
		{DAC64781-A24A-436A-B63F-09EAE5CAFF15}.Debug|Any CPU.Build.0 = Debug|Any CPU
		{DAC64781-A24A-436A-B63F-09EAE5CAFF15}.Debug|x64.ActiveCfg = Debug|Any CPU
		{DAC64781-A24A-436A-B63F-09EAE5CAFF15}.Debug|x64.Build.0 = Debug|Any CPU
		{DAC64781-A24A-436A-B63F-09EAE5CAFF15}.Debug|x86.ActiveCfg = Debug|Any CPU
		{DAC64781-A24A-436A-B63F-09EAE5CAFF15}.Debug|x86.Build.0 = Debug|Any CPU
		{DAC64781-A24A-436A-B63F-09EAE5CAFF15}.Release|Any CPU.ActiveCfg = Release|Any CPU
		{DAC64781-A24A-436A-B63F-09EAE5CAFF15}.Release|Any CPU.Build.0 = Release|Any CPU
		{DAC64781-A24A-436A-B63F-09EAE5CAFF15}.Release|x64.ActiveCfg = Release|Any CPU
		{DAC64781-A24A-436A-B63F-09EAE5CAFF15}.Release|x64.Build.0 = Release|Any CPU
		{DAC64781-A24A-436A-B63F-09EAE5CAFF15}.Release|x86.ActiveCfg = Release|Any CPU
		{DAC64781-A24A-436A-B63F-09EAE5CAFF15}.Release|x86.Build.0 = Release|Any CPU
		{D968EB92-B462-49F8-A915-5F4E68A517F1}.Debug|Any CPU.ActiveCfg = Debug|Any CPU
		{D968EB92-B462-49F8-A915-5F4E68A517F1}.Debug|Any CPU.Build.0 = Debug|Any CPU
		{D968EB92-B462-49F8-A915-5F4E68A517F1}.Debug|x64.ActiveCfg = Debug|Any CPU
		{D968EB92-B462-49F8-A915-5F4E68A517F1}.Debug|x64.Build.0 = Debug|Any CPU
		{D968EB92-B462-49F8-A915-5F4E68A517F1}.Debug|x86.ActiveCfg = Debug|Any CPU
		{D968EB92-B462-49F8-A915-5F4E68A517F1}.Debug|x86.Build.0 = Debug|Any CPU
		{D968EB92-B462-49F8-A915-5F4E68A517F1}.Release|Any CPU.ActiveCfg = Release|Any CPU
		{D968EB92-B462-49F8-A915-5F4E68A517F1}.Release|Any CPU.Build.0 = Release|Any CPU
		{D968EB92-B462-49F8-A915-5F4E68A517F1}.Release|x64.ActiveCfg = Release|Any CPU
		{D968EB92-B462-49F8-A915-5F4E68A517F1}.Release|x64.Build.0 = Release|Any CPU
		{D968EB92-B462-49F8-A915-5F4E68A517F1}.Release|x86.ActiveCfg = Release|Any CPU
		{D968EB92-B462-49F8-A915-5F4E68A517F1}.Release|x86.Build.0 = Release|Any CPU
	EndGlobalSection
	GlobalSection(SolutionProperties) = preSolution
		HideSolutionNode = FALSE
	EndGlobalSection
EndGlobal
